
Microsoft Visual Studio Solution File, Format Version 12.00
# Visual Studio Version 17
VisualStudioVersion = 17.0.32014.148
MinimumVisualStudioVersion = 10.0.40219.1
Project("{FAE04EC0-301F-11D3-BF4B-00C04F79EFBC}") = "Assignment2", "Assignment2\Assignment2.csproj", "{4E56DA63-06AB-4B14-9694-D832C6493191}"
EndProject
Global
	GlobalSection(SolutionConfigurationPlatforms) = preSolution
		Debug|Any CPU = Debug|Any CPU
		Release|Any CPU = Release|Any CPU
	EndGlobalSection
	GlobalSection(ProjectConfigurationPlatforms) = postSolution
		{4E56DA63-06AB-4B14-9694-D832C6493191}.Debug|Any CPU.ActiveCfg = Debug|Any CPU
		{4E56DA63-06AB-4B14-9694-D832C6493191}.Debug|Any CPU.Build.0 = Debug|Any CPU
		{4E56DA63-06AB-4B14-9694-D832C6493191}.Release|Any CPU.ActiveCfg = Release|Any CPU
		{4E56DA63-06AB-4B14-9694-D832C6493191}.Release|Any CPU.Build.0 = Release|Any CPU
	EndGlobalSection
	GlobalSection(SolutionProperties) = preSolution
		HideSolutionNode = FALSE
	EndGlobalSection
	GlobalSection(ExtensibilityGlobals) = postSolution
		SolutionGuid = {64755303-BA60-468A-A2AC-0FEF0ADC3F2C}
	EndGlobalSection
EndGlobal
