
Microsoft Visual Studio Solution File, Format Version 12.00
# Visual Studio Version 17
VisualStudioVersion = 17.0.32014.148
MinimumVisualStudioVersion = 10.0.40219.1
Project("{FAE04EC0-301F-11D3-BF4B-00C04F79EFBC}") = "Assignment-2", "Assignment-2\Assignment-2.csproj", "{3E429F8E-0F67-4340-9CF1-C65E2C4F95D9}"
EndProject
Global
	GlobalSection(SolutionConfigurationPlatforms) = preSolution
		Debug|Any CPU = Debug|Any CPU
		Release|Any CPU = Release|Any CPU
	EndGlobalSection
	GlobalSection(ProjectConfigurationPlatforms) = postSolution
		{3E429F8E-0F67-4340-9CF1-C65E2C4F95D9}.Debug|Any CPU.ActiveCfg = Debug|Any CPU
		{3E429F8E-0F67-4340-9CF1-C65E2C4F95D9}.Debug|Any CPU.Build.0 = Debug|Any CPU
		{3E429F8E-0F67-4340-9CF1-C65E2C4F95D9}.Release|Any CPU.ActiveCfg = Release|Any CPU
		{3E429F8E-0F67-4340-9CF1-C65E2C4F95D9}.Release|Any CPU.Build.0 = Release|Any CPU
	EndGlobalSection
	GlobalSection(SolutionProperties) = preSolution
		HideSolutionNode = FALSE
	EndGlobalSection
	GlobalSection(ExtensibilityGlobals) = postSolution
		SolutionGuid = {E9C1240A-3590-4EF4-B614-6D23E9816810}
	EndGlobalSection
EndGlobal
