
Microsoft Visual Studio Solution File, Format Version 12.00
# Visual Studio Version 17
VisualStudioVersion = 17.0.32014.148
MinimumVisualStudioVersion = 10.0.40219.1
Project("{FAE04EC0-301F-11D3-BF4B-00C04F79EFBC}") = "Assignment-4", "Assignment-4\Assignment-4.csproj", "{497BD486-760F-43E5-9673-44B3C0FCBC10}"
EndProject
Global
	GlobalSection(SolutionConfigurationPlatforms) = preSolution
		Debug|Any CPU = Debug|Any CPU
		Release|Any CPU = Release|Any CPU
	EndGlobalSection
	GlobalSection(ProjectConfigurationPlatforms) = postSolution
		{497BD486-760F-43E5-9673-44B3C0FCBC10}.Debug|Any CPU.ActiveCfg = Debug|Any CPU
		{497BD486-760F-43E5-9673-44B3C0FCBC10}.Debug|Any CPU.Build.0 = Debug|Any CPU
		{497BD486-760F-43E5-9673-44B3C0FCBC10}.Release|Any CPU.ActiveCfg = Release|Any CPU
		{497BD486-760F-43E5-9673-44B3C0FCBC10}.Release|Any CPU.Build.0 = Release|Any CPU
	EndGlobalSection
	GlobalSection(SolutionProperties) = preSolution
		HideSolutionNode = FALSE
	EndGlobalSection
	GlobalSection(ExtensibilityGlobals) = postSolution
		SolutionGuid = {260617FC-7041-4E09-9B11-9D88790D9426}
	EndGlobalSection
EndGlobal
